{
  "requires": true,
  "lockfileVersion": 1,
  "dependencies": {
    "@auth0/auth0-angular": {
      "version": "1.5.1",
      "resolved": "https://registry.npmjs.org/@auth0/auth0-angular/-/auth0-angular-1.5.1.tgz",
      "integrity": "sha512-6EffxHEmUingeKJCel/PEpSFWEBnoJbX74wQlxn4LXy244a0ehYh9N1dgiOifM+Cj84rTPwuUCIjkCy7PPSyqQ==",
      "requires": {
        "@auth0/auth0-spa-js": "^1.11.0",
        "tslib": "^2.0.0"
      }
    },
    "@auth0/auth0-spa-js": {
      "version": "1.15.0",
      "resolved": "https://registry.npmjs.org/@auth0/auth0-spa-js/-/auth0-spa-js-1.15.0.tgz",
      "integrity": "sha512-d/crchAbhncl9irIMuw1zNSZgX+id0U7mzASQr2htMJ73JCYaAvBSdGXL0WcYS4yBm1Xsx1JYm3b5tEZ5p/ncg==",
      "requires": {
        "abortcontroller-polyfill": "^1.7.1",
        "browser-tabs-lock": "^1.2.13",
        "core-js": "^3.11.0",
        "es-cookie": "^1.3.2",
        "fast-text-encoding": "^1.0.3",
        "promise-polyfill": "^8.2.0",
        "unfetch": "^4.2.0"
      }
    },
    "abortcontroller-polyfill": {
      "version": "1.7.3",
      "resolved": "https://registry.npmjs.org/abortcontroller-polyfill/-/abortcontroller-polyfill-1.7.3.tgz",
      "integrity": "sha512-zetDJxd89y3X99Kvo4qFx8GKlt6GsvN3UcRZHwU6iFA/0KiOmhkTVhe8oRoTBiTVPZu09x3vCra47+w8Yz1+2Q=="
    },
    "browser-tabs-lock": {
      "version": "1.2.14",
      "resolved": "https://registry.npmjs.org/browser-tabs-lock/-/browser-tabs-lock-1.2.14.tgz",
      "integrity": "sha512-ssSpCRcvFe4vc098LDnrJOQDfZiG35KhQGB9hthTbwJk5mmUkePwhcMlW61NH3YuIE2Y9uGLqf9yxEBKbaDlaw==",
      "requires": {
        "lodash": ">=4.17.21"
      }
    },
    "core-js": {
      "version": "3.14.0",
      "resolved": "https://registry.npmjs.org/core-js/-/core-js-3.14.0.tgz",
      "integrity": "sha512-3s+ed8er9ahK+zJpp9ZtuVcDoFzHNiZsPbNAAE4KXgrRHbjSqqNN6xGSXq6bq7TZIbKj4NLrLb6bJ5i+vSVjHA=="
    },
    "es-cookie": {
      "version": "1.3.2",
      "resolved": "https://registry.npmjs.org/es-cookie/-/es-cookie-1.3.2.tgz",
      "integrity": "sha512-UTlYYhXGLOy05P/vKVT2Ui7WtC7NiRzGtJyAKKn32g5Gvcjn7KAClLPWlipCtxIus934dFg9o9jXiBL0nP+t9Q=="
    },
    "fast-text-encoding": {
      "version": "1.0.3",
      "resolved": "https://registry.npmjs.org/fast-text-encoding/-/fast-text-encoding-1.0.3.tgz",
      "integrity": "sha512-dtm4QZH9nZtcDt8qJiOH9fcQd1NAgi+K1O2DbE6GG1PPCK/BWfOH3idCTRQ4ImXRUOyopDEgDEnVEE7Y/2Wrig=="
    },
    "lodash": {
      "version": "4.17.21",
      "resolved": "https://registry.npmjs.org/lodash/-/lodash-4.17.21.tgz",
      "integrity": "sha512-v2kDEe57lecTulaDIuNTPy3Ry4gLGJ6Z1O3vE1krgXZNrsQ+LFTGHVxVjcXPs17LhbZVGedAJv8XZ1tvj5FvSg=="
    },
    "promise-polyfill": {
      "version": "8.2.0",
      "resolved": "https://registry.npmjs.org/promise-polyfill/-/promise-polyfill-8.2.0.tgz",
      "integrity": "sha512-k/TC0mIcPVF6yHhUvwAp7cvL6I2fFV7TzF1DuGPI8mBh4QQazf36xCKEHKTZKRysEoTQoQdKyP25J8MPJp7j5g=="
    },
    "tslib": {
      "version": "2.3.0",
      "resolved": "https://registry.npmjs.org/tslib/-/tslib-2.3.0.tgz",
      "integrity": "sha512-N82ooyxVNm6h1riLCoyS9e3fuJ3AMG2zIZs2Gd1ATcSFjSA23Q0fzjjZeh0jbJvWVDZ0cJT8yaNNaaXHzueNjg=="
    },
    "unfetch": {
      "version": "4.2.0",
      "resolved": "https://registry.npmjs.org/unfetch/-/unfetch-4.2.0.tgz",
      "integrity": "sha512-F9p7yYCn6cIW9El1zi0HI6vqpeIvBsr3dSuRO6Xuppb1u5rXpCPmMvLSyECLhybr9isec8Ohl0hPekMVrEinDA=="
    }
  }
}
